hash: 86edc7e34117584e89897a958316544af25eae164493eef23e419e98012d5f04
updated: 2017-10-13T11:45:57.145883197+02:00
imports:
- name: code.cloudfoundry.org/bytefmt
  version: f4415fafc5619dd75599a54a7c91fb3948ad58bd
- name: github.com/bradfitz/gomemcache
  version: 1952afaa557dc08e8e0d89eafab110fb501c1a2b
  subpackages:
  - memcache
- name: github.com/currantlabs/ble
  version: 54a939021a2707c8e3d5b45ec49bb773e3f4b420
  subpackages:
  - darwin
  - linux
  - linux/adv
  - linux/att
  - linux/gatt
  - linux/hci
  - linux/hci/cmd
  - linux/hci/evt
  - linux/hci/socket
- name: github.com/docopt/docopt-go
  version: 784ddc588536785e7299f7272f39101f7faccc3f
- name: github.com/dsnet/compress
  version: 0ae8e136a5df9e3caf6c0f69983608b07438411b
  subpackages:
  - bzip2
  - bzip2/internal/sais
  - internal
  - internal/errors
  - internal/prefix
- name: github.com/golang/snappy
  version: 553a641470496b2327abcac10b36396bd98e45c9
- name: github.com/gomqtt/client
  version: 62d8e244f86ff4d00294e0cf5b382dee42c9dace
- name: github.com/gomqtt/packet
  version: 8dfc4ffe91f1d702227e7ecde40aba55d654aefe
- name: github.com/gomqtt/tools
  version: cbe549e862254295fc7bb4a4133d226e58f10d7f
- name: github.com/gomqtt/transport
  version: 3d19f772517f2f4148332238c11db03ad2d93ad7
- name: github.com/gorilla/websocket
  version: ea4d1f681babbce9545c9c5f3d5194a789c89f5b
- name: github.com/jpillora/backoff
  version: 06c7a16c845dc8e0bf575fafeeca0f5462f5eb4d
- name: github.com/kr/pty
  version: 95d05c1eef33a45bd58676b6ce28d105839b8d0b
- name: github.com/mattn/go-colorable
  version: 3dac7b4f76f6e17fb39b768b89e3783d16e237fe
- name: github.com/mattn/go-isatty
  version: ae0b1f8f8004be68d791a576e3d8e7648ab41449
- name: github.com/mgutz/ansi
  version: 9520e82c474b0a04dd04f8a40959027271bab992
- name: github.com/mgutz/logxi
  version: aebf8a7d67ab4625e0fd4a665766fef9a709161b
  subpackages:
  - v1
- name: github.com/mholt/archiver
  version: 26cf5bb32d07aa4e8d0de15f56ce516f4641d7df
- name: github.com/nwaples/rardecode
  version: f22b7ef81a0afac9ce1447d37e5ab8e99fbd2f73
- name: github.com/pierrec/lz4
  version: 5a3d2245f97fc249850e7802e3c01fad02a1c316
- name: github.com/pierrec/xxHash
  version: a0006b13c722f7f12368c00a3d3c2ae8a999a0c6
  subpackages:
  - xxHash32
- name: github.com/pkg/errors
  version: 2b3a18b5f0fb6b4f9190549597d3f962c02bc5eb
- name: github.com/raff/goble
  version: b12b34f940c4cf4363660073539b5fa9fd96bd16
  subpackages:
  - xpc
- name: github.com/ryanuber/go-glob
  version: 256dc444b735e061061cf46c809487313d5b0065
- name: github.com/tatsuhiro-t/go-nghttp2
  version: 4742878d9c9052d786a7b0cd3589bc50e031e20b
- name: github.com/tatsuhiro-t/spdy
  version: 3e25f173236051630d530d15e13439bef3191fbf
- name: github.com/ulikunitz/xz
  version: 0c6b41e72360850ca4f98dc341fd999726ea007f
  subpackages:
  - internal/hash
  - internal/xlog
  - lzma
- name: golang.org/x/net
  version: 5627bad10b821d907ac4dc81fb3535ec7dd81c2b
  subpackages:
  - context
  - http2
  - http2/hpack
  - websocket
- name: golang.org/x/sys
  version: 43eea11bc92608addb41b8a406b0407495c106f6
  subpackages:
  - unix
- name: gopkg.in/tomb.v2
  version: d5d1b5820637886def9eef33e03a27a9f166942c
testImports: []
