{
  "pins" : [
    {
      "identity" : "asyncbluetooth",
      "kind" : "remoteSourceControl",
      "location" : "https://github.com/256dpi/AsyncBluetooth",
      "state" : {
        "branch" : "main",
        "revision" : "8c937e5528c13cc71a8a7cbcc66300a3e159620c"
      }
    },
    {
      "identity" : "semaphore",
      "kind" : "remoteSourceControl",
      "location" : "https://github.com/groue/Semaphore",
      "state" : {
        "revision" : "e67f3d2240440d9f892a382ae08cacc86f37625d",
        "version" : "0.0.6"
      }
    }
  ],
  "version" : 2
}
