{
  "pins" : [
    {
      "identity" : "asyncbluetooth",
      "kind" : "remoteSourceControl",
      "location" : "https://github.com/manolofdez/AsyncBluetooth",
      "state" : {
        "revision" : "e9aa79269fd1efd82ba2c173e60b0286455b9ea3",
        "version" : "1.4.1"
      }
    },
    {
      "identity" : "semaphore",
      "kind" : "remoteSourceControl",
      "location" : "https://github.com/groue/Semaphore",
      "state" : {
        "revision" : "e67f3d2240440d9f892a382ae08cacc86f37625d",
        "version" : "0.0.6"
      }
    }
  ],
  "version" : 2
}
