{
  "pins" : [
    {
      "identity" : "asyncbluetooth",
      "kind" : "remoteSourceControl",
      "location" : "https://github.com/manolofdez/AsyncBluetooth",
      "state" : {
        "revision" : "e9aa79269fd1efd82ba2c173e60b0286455b9ea3",
        "version" : "1.4.1"
      }
    }
  ],
  "version" : 2
}
